<?xml version="1.0" encoding="utf-8"?>
<Project ToolsVersion="4.0" xmlns="http://schemas.microsoft.com/developer/msbuild/2003">
  <ItemGroup>
    <Filter Include="Source Files">
      <UniqueIdentifier>{4FC737F1-C7A5-4376-A066-2A32D752A2FF}</UniqueIdentifier>
      <Extensions>cpp;c;cc;cxx;def;odl;idl;hpj;bat;asm;asmx</Extensions>
    </Filter>
    <Filter Include="Header Files">
      <UniqueIdentifier>{93995380-89BD-4b04-88EB-625FBE52EBFB}</UniqueIdentifier>
      <Extensions>h;hpp;hxx;hm;inl;inc;xsd</Extensions>
    </Filter>
    <Filter Include="Resource Files">
      <UniqueIdentifier>{67DA6AB6-F800-4c08-8B7A-83BB121AAD01}</UniqueIdentifier>
      <Extensions>rc;ico;cur;bmp;dlg;rc2;rct;bin;rgs;gif;jpg;jpeg;jpe;resx;tiff;tif;png;wav</Extensions>
    </Filter>
  </ItemGroup>
  <ItemGroup>
    <ClCompile Include="dllmain.cpp">
      <Filter>Source Files</Filter>
    </ClCompile>
    <ClCompile Include="stdafx.cpp">
      <Filter>Source Files</Filter>
    </ClCompile>
    <ClCompile Include="Globals.cpp">
      <Filter>Source Files</Filter>
    </ClCompile>
    <ClCompile Include="Register.cpp">
      <Filter>Source Files</Filter>
    </ClCompile>
    <ClCompile Include="Server.cpp">
      <Filter>Source Files</Filter>
    </ClCompile>
    <ClCompile Include="WeaselTSF.cpp">
      <Filter>Source Files</Filter>
    </ClCompile>
    <ClCompile Include="ThreadMgrEventSink.cpp">
      <Filter>Source Files</Filter>
    </ClCompile>
    <ClCompile Include="KeyEventSink.cpp">
      <Filter>Source Files</Filter>
    </ClCompile>
    <ClCompile Include="Compartment.cpp">
      <Filter>Source Files</Filter>
    </ClCompile>
    <ClCompile Include="TextEditSink.cpp">
      <Filter>Source Files</Filter>
    </ClCompile>
    <ClCompile Include="KeyEvent.cpp">
      <Filter>Source Files</Filter>
    </ClCompile>
    <ClCompile Include="EditSession.cpp">
      <Filter>Source Files</Filter>
    </ClCompile>
    <ClCompile Include="Composition.cpp">
      <Filter>Source Files</Filter>
    </ClCompile>
    <ClCompile Include="LanguageBar.cpp">
      <Filter>Source Files</Filter>
    </ClCompile>
    <ClCompile Include="CandidateList.cpp">
      <Filter>Source Files</Filter>
    </ClCompile>
    <ClCompile Include="DisplayAttributeInfo.cpp">
      <Filter>Source Files</Filter>
    </ClCompile>
    <ClCompile Include="DisplayAttributeProvider.cpp">
      <Filter>Source Files</Filter>
    </ClCompile>
    <ClCompile Include="EnumDisplayAttributeInfo.cpp">
      <Filter>Source Files</Filter>
    </ClCompile>
    <ClCompile Include="DisplayAttribute.cpp">
      <Filter>Source Files</Filter>
    </ClCompile>
  </ItemGroup>
  <ItemGroup>
    <ClInclude Include="stdafx.h">
      <Filter>Header Files</Filter>
    </ClInclude>
    <ClInclude Include="targetver.h">
      <Filter>Header Files</Filter>
    </ClInclude>
    <ClInclude Include="Globals.h">
      <Filter>Header Files</Filter>
    </ClInclude>
    <ClInclude Include="Register.h">
      <Filter>Header Files</Filter>
    </ClInclude>
    <ClInclude Include="WeaselTSF.h">
      <Filter>Header Files</Filter>
    </ClInclude>
    <ClInclude Include="KeyEvent.h">
      <Filter>Header Files</Filter>
    </ClInclude>
    <ClInclude Include="EditSession.h">
      <Filter>Header Files</Filter>
    </ClInclude>
    <ClInclude Include="CandidateList.h">
      <Filter>Header Files</Filter>
    </ClInclude>
    <ClInclude Include="ctffunc.h">
      <Filter>Header Files</Filter>
    </ClInclude>
    <ClInclude Include="Compartment.h">
      <Filter>Header Files</Filter>
    </ClInclude>
    <ClInclude Include="LanguageBar.h">
      <Filter>Header Files</Filter>
    </ClInclude>
    <ClInclude Include="DisplayAttributeInfo.h">
      <Filter>Header Files</Filter>
    </ClInclude>
    <ClInclude Include="EnumDisplayAttributeInfo.h">
      <Filter>Header Files</Filter>
    </ClInclude>
    <ClInclude Include="resource.h">
      <Filter>Header Files</Filter>
    </ClInclude>
  </ItemGroup>
  <ItemGroup>
    <None Include="ReadMe.txt" />
    <None Include="WeaselTSF.def">
      <Filter>Source Files</Filter>
    </None>
    <None Include="..\resource\weasel.ico">
      <Filter>Resource Files</Filter>
    </None>
    <None Include="..\resource\zh.ico">
      <Filter>Resource Files</Filter>
    </None>
    <None Include="..\resource\reload.ico">
      <Filter>Resource Files</Filter>
    </None>
    <None Include="..\resource\en.ico">
      <Filter>Resource Files</Filter>
    </None>
  </ItemGroup>
  <ItemGroup>
    <ResourceCompile Include="WeaselTSF.rc">
      <Filter>Resource Files</Filter>
    </ResourceCompile>
  </ItemGroup>
</Project>