
Microsoft Visual Studio Solution File, Format Version 12.00
# Visual Studio Version 17
VisualStudioVersion = 17.7.34024.191
MinimumVisualStudioVersion = 10.0.40219.1
Project("{2150E333-8FDC-42A3-9474-1A3956D46DE8}") = "Solution Items", "Solution Items", "{53F79A24-5390-4640-84B5-19984EB3353B}"
	ProjectSection(SolutionItems) = preProject
		include\PipeChannel.h = include\PipeChannel.h
		include\PyWeasel.h = include\PyWeasel.h
		include\resource.h = include\resource.h
		include\ResponseParser.h = include\ResponseParser.h
		include\RimeWithWeasel.h = include\RimeWithWeasel.h
		include\StringAlgorithm.hpp = include\StringAlgorithm.hpp
		include\VersionHelpers.hpp = include\VersionHelpers.hpp
		include\WeaselConstants.h = include\WeaselConstants.h
		include\WeaselIPC.h = include\WeaselIPC.h
		include\WeaselIPCData.h = include\WeaselIPCData.h
		include\WeaselUI.h = include\WeaselUI.h
		include\WeaselUtility.h = include\WeaselUtility.h
		include\winapifamily.h = include\winapifamily.h
		include\winpackagefamily.h = include\winpackagefamily.h
	EndProjectSection
EndProject
Project("{8BC9CEB8-8B4A-11D0-8D11-00A0C91BC942}") = "WeaselTSF", "WeaselTSF\WeaselTSF.vcxproj", "{FF9B3625-BBD6-4972-8F23-7BA57F3127E8}"
EndProject
Project("{8BC9CEB8-8B4A-11D0-8D11-00A0C91BC942}") = "WeaselUI", "WeaselUI\WeaselUI.vcxproj", "{10B3B8BF-7294-4661-9A8A-2FFC920FA2F4}"
EndProject
Project("{8BC9CEB8-8B4A-11D0-8D11-00A0C91BC942}") = "WeaselIPC", "WeaselIPC\WeaselIPC.vcxproj", "{CE11A2DF-8D20-4B07-A935-4B0D03F0303D}"
EndProject
Project("{8BC9CEB8-8B4A-11D0-8D11-00A0C91BC942}") = "WeaselIME", "WeaselIME\WeaselIME.vcxproj", "{A958FE3D-9F6E-44CB-981E-F2AE181657B3}"
EndProject
Project("{8BC9CEB8-8B4A-11D0-8D11-00A0C91BC942}") = "WeaselServer", "WeaselServer\WeaselServer.vcxproj", "{A68C2A5C-D74D-4CB2-9E22-A4D2FC256A2D}"
EndProject
Project("{8BC9CEB8-8B4A-11D0-8D11-00A0C91BC942}") = "TestWeaselIPC", "test\TestWeaselIPC\TestWeaselIPC.vcxproj", "{9C1CC4BA-18FF-4890-908E-E545881C5586}"
EndProject
Project("{8BC9CEB8-8B4A-11D0-8D11-00A0C91BC942}") = "WeaselIPCServer", "WeaselIPCServer\WeaselIPCServer.vcxproj", "{26930622-CFA2-43DF-A9F3-4AA4A313B2A4}"
EndProject
Project("{8BC9CEB8-8B4A-11D0-8D11-00A0C91BC942}") = "TestResponseParser", "test\TestResponseParser\TestResponseParser.vcxproj", "{CC642427-64D7-44D9-8543-8CBBF981FAE7}"
EndProject
Project("{8BC9CEB8-8B4A-11D0-8D11-00A0C91BC942}") = "RimeWithWeasel", "RimeWithWeasel\RimeWithWeasel.vcxproj", "{1C497821-BD63-4F02-9094-32B185B62F23}"
EndProject
Project("{8BC9CEB8-8B4A-11D0-8D11-00A0C91BC942}") = "WeaselDeployer", "WeaselDeployer\WeaselDeployer.vcxproj", "{F53F3E9C-CC4D-4D1D-9C2E-719FE60A7E6B}"
EndProject
Project("{8BC9CEB8-8B4A-11D0-8D11-00A0C91BC942}") = "WeaselSetup", "WeaselSetup\WeaselSetup.vcxproj", "{39F6E3F5-8F0B-4023-BC40-A66AE6C37095}"
EndProject
Global
	GlobalSection(SolutionConfigurationPlatforms) = preSolution
		Debug|ARM = Debug|ARM
		Debug|ARM64 = Debug|ARM64
		Debug|Win32 = Debug|Win32
		Debug|x64 = Debug|x64
		Release|ARM = Release|ARM
		Release|ARM64 = Release|ARM64
		Release|Win32 = Release|Win32
		Release|x64 = Release|x64
	EndGlobalSection
	GlobalSection(ProjectConfigurationPlatforms) = postSolution
		{FF9B3625-BBD6-4972-8F23-7BA57F3127E8}.Debug|ARM.ActiveCfg = Debug|ARM
		{FF9B3625-BBD6-4972-8F23-7BA57F3127E8}.Debug|ARM.Build.0 = Debug|ARM
		{FF9B3625-BBD6-4972-8F23-7BA57F3127E8}.Debug|ARM64.ActiveCfg = Debug|ARM64
		{FF9B3625-BBD6-4972-8F23-7BA57F3127E8}.Debug|ARM64.Build.0 = Debug|ARM64
		{FF9B3625-BBD6-4972-8F23-7BA57F3127E8}.Debug|Win32.ActiveCfg = Debug|Win32
		{FF9B3625-BBD6-4972-8F23-7BA57F3127E8}.Debug|Win32.Build.0 = Debug|Win32
		{FF9B3625-BBD6-4972-8F23-7BA57F3127E8}.Debug|x64.ActiveCfg = Debug|x64
		{FF9B3625-BBD6-4972-8F23-7BA57F3127E8}.Debug|x64.Build.0 = Debug|x64
		{FF9B3625-BBD6-4972-8F23-7BA57F3127E8}.Release|ARM.ActiveCfg = Release|ARM
		{FF9B3625-BBD6-4972-8F23-7BA57F3127E8}.Release|ARM.Build.0 = Release|ARM
		{FF9B3625-BBD6-4972-8F23-7BA57F3127E8}.Release|ARM64.ActiveCfg = Release|ARM64
		{FF9B3625-BBD6-4972-8F23-7BA57F3127E8}.Release|ARM64.Build.0 = Release|ARM64
		{FF9B3625-BBD6-4972-8F23-7BA57F3127E8}.Release|Win32.ActiveCfg = Release|Win32
		{FF9B3625-BBD6-4972-8F23-7BA57F3127E8}.Release|Win32.Build.0 = Release|Win32
		{FF9B3625-BBD6-4972-8F23-7BA57F3127E8}.Release|x64.ActiveCfg = Release|x64
		{FF9B3625-BBD6-4972-8F23-7BA57F3127E8}.Release|x64.Build.0 = Release|x64
		{10B3B8BF-7294-4661-9A8A-2FFC920FA2F4}.Debug|ARM.ActiveCfg = Debug|ARM
		{10B3B8BF-7294-4661-9A8A-2FFC920FA2F4}.Debug|ARM.Build.0 = Debug|ARM
		{10B3B8BF-7294-4661-9A8A-2FFC920FA2F4}.Debug|ARM64.ActiveCfg = Debug|ARM64
		{10B3B8BF-7294-4661-9A8A-2FFC920FA2F4}.Debug|ARM64.Build.0 = Debug|ARM64
		{10B3B8BF-7294-4661-9A8A-2FFC920FA2F4}.Debug|Win32.ActiveCfg = Debug|Win32
		{10B3B8BF-7294-4661-9A8A-2FFC920FA2F4}.Debug|Win32.Build.0 = Debug|Win32
		{10B3B8BF-7294-4661-9A8A-2FFC920FA2F4}.Debug|x64.ActiveCfg = Debug|x64
		{10B3B8BF-7294-4661-9A8A-2FFC920FA2F4}.Debug|x64.Build.0 = Debug|x64
		{10B3B8BF-7294-4661-9A8A-2FFC920FA2F4}.Release|ARM.ActiveCfg = Release|ARM
		{10B3B8BF-7294-4661-9A8A-2FFC920FA2F4}.Release|ARM.Build.0 = Release|ARM
		{10B3B8BF-7294-4661-9A8A-2FFC920FA2F4}.Release|ARM64.ActiveCfg = Release|ARM64
		{10B3B8BF-7294-4661-9A8A-2FFC920FA2F4}.Release|ARM64.Build.0 = Release|ARM64
		{10B3B8BF-7294-4661-9A8A-2FFC920FA2F4}.Release|Win32.ActiveCfg = Release|Win32
		{10B3B8BF-7294-4661-9A8A-2FFC920FA2F4}.Release|Win32.Build.0 = Release|Win32
		{10B3B8BF-7294-4661-9A8A-2FFC920FA2F4}.Release|x64.ActiveCfg = Release|x64
		{10B3B8BF-7294-4661-9A8A-2FFC920FA2F4}.Release|x64.Build.0 = Release|x64
		{CE11A2DF-8D20-4B07-A935-4B0D03F0303D}.Debug|ARM.ActiveCfg = Debug|ARM
		{CE11A2DF-8D20-4B07-A935-4B0D03F0303D}.Debug|ARM.Build.0 = Debug|ARM
		{CE11A2DF-8D20-4B07-A935-4B0D03F0303D}.Debug|ARM64.ActiveCfg = Debug|ARM64
		{CE11A2DF-8D20-4B07-A935-4B0D03F0303D}.Debug|ARM64.Build.0 = Debug|ARM64
		{CE11A2DF-8D20-4B07-A935-4B0D03F0303D}.Debug|Win32.ActiveCfg = Debug|Win32
		{CE11A2DF-8D20-4B07-A935-4B0D03F0303D}.Debug|Win32.Build.0 = Debug|Win32
		{CE11A2DF-8D20-4B07-A935-4B0D03F0303D}.Debug|x64.ActiveCfg = Debug|x64
		{CE11A2DF-8D20-4B07-A935-4B0D03F0303D}.Debug|x64.Build.0 = Debug|x64
		{CE11A2DF-8D20-4B07-A935-4B0D03F0303D}.Release|ARM.ActiveCfg = Release|ARM
		{CE11A2DF-8D20-4B07-A935-4B0D03F0303D}.Release|ARM.Build.0 = Release|ARM
		{CE11A2DF-8D20-4B07-A935-4B0D03F0303D}.Release|ARM64.ActiveCfg = Release|ARM64
		{CE11A2DF-8D20-4B07-A935-4B0D03F0303D}.Release|ARM64.Build.0 = Release|ARM64
		{CE11A2DF-8D20-4B07-A935-4B0D03F0303D}.Release|Win32.ActiveCfg = Release|Win32
		{CE11A2DF-8D20-4B07-A935-4B0D03F0303D}.Release|Win32.Build.0 = Release|Win32
		{CE11A2DF-8D20-4B07-A935-4B0D03F0303D}.Release|x64.ActiveCfg = Release|x64
		{CE11A2DF-8D20-4B07-A935-4B0D03F0303D}.Release|x64.Build.0 = Release|x64
		{A958FE3D-9F6E-44CB-981E-F2AE181657B3}.Debug|ARM.ActiveCfg = Debug|ARM
		{A958FE3D-9F6E-44CB-981E-F2AE181657B3}.Debug|ARM.Build.0 = Debug|ARM
		{A958FE3D-9F6E-44CB-981E-F2AE181657B3}.Debug|ARM64.ActiveCfg = Debug|ARM64
		{A958FE3D-9F6E-44CB-981E-F2AE181657B3}.Debug|ARM64.Build.0 = Debug|ARM64
		{A958FE3D-9F6E-44CB-981E-F2AE181657B3}.Debug|Win32.ActiveCfg = Debug|Win32
		{A958FE3D-9F6E-44CB-981E-F2AE181657B3}.Debug|Win32.Build.0 = Debug|Win32
		{A958FE3D-9F6E-44CB-981E-F2AE181657B3}.Debug|x64.ActiveCfg = Debug|x64
		{A958FE3D-9F6E-44CB-981E-F2AE181657B3}.Debug|x64.Build.0 = Debug|x64
		{A958FE3D-9F6E-44CB-981E-F2AE181657B3}.Release|ARM.ActiveCfg = Release|ARM
		{A958FE3D-9F6E-44CB-981E-F2AE181657B3}.Release|ARM.Build.0 = Release|ARM
		{A958FE3D-9F6E-44CB-981E-F2AE181657B3}.Release|ARM64.ActiveCfg = Release|ARM64
		{A958FE3D-9F6E-44CB-981E-F2AE181657B3}.Release|ARM64.Build.0 = Release|ARM64
		{A958FE3D-9F6E-44CB-981E-F2AE181657B3}.Release|Win32.ActiveCfg = Release|Win32
		{A958FE3D-9F6E-44CB-981E-F2AE181657B3}.Release|Win32.Build.0 = Release|Win32
		{A958FE3D-9F6E-44CB-981E-F2AE181657B3}.Release|x64.ActiveCfg = Release|x64
		{A958FE3D-9F6E-44CB-981E-F2AE181657B3}.Release|x64.Build.0 = Release|x64
		{A68C2A5C-D74D-4CB2-9E22-A4D2FC256A2D}.Debug|ARM.ActiveCfg = Debug|ARM
		{A68C2A5C-D74D-4CB2-9E22-A4D2FC256A2D}.Debug|ARM64.ActiveCfg = Debug|ARM64
		{A68C2A5C-D74D-4CB2-9E22-A4D2FC256A2D}.Debug|Win32.ActiveCfg = Debug|Win32
		{A68C2A5C-D74D-4CB2-9E22-A4D2FC256A2D}.Debug|Win32.Build.0 = Debug|Win32
		{A68C2A5C-D74D-4CB2-9E22-A4D2FC256A2D}.Debug|x64.ActiveCfg = Debug|x64
		{A68C2A5C-D74D-4CB2-9E22-A4D2FC256A2D}.Debug|x64.Build.0 = Debug|x64
		{A68C2A5C-D74D-4CB2-9E22-A4D2FC256A2D}.Release|ARM.ActiveCfg = Release|ARM
		{A68C2A5C-D74D-4CB2-9E22-A4D2FC256A2D}.Release|ARM64.ActiveCfg = Release|ARM64
		{A68C2A5C-D74D-4CB2-9E22-A4D2FC256A2D}.Release|Win32.ActiveCfg = Release|Win32
		{A68C2A5C-D74D-4CB2-9E22-A4D2FC256A2D}.Release|Win32.Build.0 = Release|Win32
		{A68C2A5C-D74D-4CB2-9E22-A4D2FC256A2D}.Release|x64.ActiveCfg = Release|x64
		{A68C2A5C-D74D-4CB2-9E22-A4D2FC256A2D}.Release|x64.Build.0 = Release|x64
		{9C1CC4BA-18FF-4890-908E-E545881C5586}.Debug|ARM.ActiveCfg = Debug|ARM
		{9C1CC4BA-18FF-4890-908E-E545881C5586}.Debug|ARM64.ActiveCfg = Debug|ARM64
		{9C1CC4BA-18FF-4890-908E-E545881C5586}.Debug|Win32.ActiveCfg = Debug|Win32
		{9C1CC4BA-18FF-4890-908E-E545881C5586}.Debug|Win32.Build.0 = Debug|Win32
		{9C1CC4BA-18FF-4890-908E-E545881C5586}.Debug|x64.ActiveCfg = Debug|x64
		{9C1CC4BA-18FF-4890-908E-E545881C5586}.Debug|x64.Build.0 = Debug|x64
		{9C1CC4BA-18FF-4890-908E-E545881C5586}.Release|ARM.ActiveCfg = Release|ARM
		{9C1CC4BA-18FF-4890-908E-E545881C5586}.Release|ARM64.ActiveCfg = Release|ARM64
		{9C1CC4BA-18FF-4890-908E-E545881C5586}.Release|Win32.ActiveCfg = Release|Win32
		{9C1CC4BA-18FF-4890-908E-E545881C5586}.Release|x64.ActiveCfg = Release|x64
		{26930622-CFA2-43DF-A9F3-4AA4A313B2A4}.Debug|ARM.ActiveCfg = Debug|ARM
		{26930622-CFA2-43DF-A9F3-4AA4A313B2A4}.Debug|ARM64.ActiveCfg = Debug|ARM64
		{26930622-CFA2-43DF-A9F3-4AA4A313B2A4}.Debug|Win32.ActiveCfg = Debug|Win32
		{26930622-CFA2-43DF-A9F3-4AA4A313B2A4}.Debug|Win32.Build.0 = Debug|Win32
		{26930622-CFA2-43DF-A9F3-4AA4A313B2A4}.Debug|x64.ActiveCfg = Debug|x64
		{26930622-CFA2-43DF-A9F3-4AA4A313B2A4}.Debug|x64.Build.0 = Debug|x64
		{26930622-CFA2-43DF-A9F3-4AA4A313B2A4}.Release|ARM.ActiveCfg = Release|ARM
		{26930622-CFA2-43DF-A9F3-4AA4A313B2A4}.Release|ARM64.ActiveCfg = Release|ARM64
		{26930622-CFA2-43DF-A9F3-4AA4A313B2A4}.Release|Win32.ActiveCfg = Release|Win32
		{26930622-CFA2-43DF-A9F3-4AA4A313B2A4}.Release|Win32.Build.0 = Release|Win32
		{26930622-CFA2-43DF-A9F3-4AA4A313B2A4}.Release|x64.ActiveCfg = Release|x64
		{26930622-CFA2-43DF-A9F3-4AA4A313B2A4}.Release|x64.Build.0 = Release|x64
		{CC642427-64D7-44D9-8543-8CBBF981FAE7}.Debug|ARM.ActiveCfg = Debug|ARM
		{CC642427-64D7-44D9-8543-8CBBF981FAE7}.Debug|ARM64.ActiveCfg = Debug|ARM64
		{CC642427-64D7-44D9-8543-8CBBF981FAE7}.Debug|Win32.ActiveCfg = Debug|Win32
		{CC642427-64D7-44D9-8543-8CBBF981FAE7}.Debug|Win32.Build.0 = Debug|Win32
		{CC642427-64D7-44D9-8543-8CBBF981FAE7}.Debug|x64.ActiveCfg = Debug|x64
		{CC642427-64D7-44D9-8543-8CBBF981FAE7}.Debug|x64.Build.0 = Debug|x64
		{CC642427-64D7-44D9-8543-8CBBF981FAE7}.Release|ARM.ActiveCfg = Release|ARM
		{CC642427-64D7-44D9-8543-8CBBF981FAE7}.Release|ARM64.ActiveCfg = Release|ARM64
		{CC642427-64D7-44D9-8543-8CBBF981FAE7}.Release|Win32.ActiveCfg = Release|Win32
		{CC642427-64D7-44D9-8543-8CBBF981FAE7}.Release|x64.ActiveCfg = Release|x64
		{1C497821-BD63-4F02-9094-32B185B62F23}.Debug|ARM.ActiveCfg = Debug|ARM
		{1C497821-BD63-4F02-9094-32B185B62F23}.Debug|ARM64.ActiveCfg = Debug|ARM64
		{1C497821-BD63-4F02-9094-32B185B62F23}.Debug|Win32.ActiveCfg = Debug|Win32
		{1C497821-BD63-4F02-9094-32B185B62F23}.Debug|Win32.Build.0 = Debug|Win32
		{1C497821-BD63-4F02-9094-32B185B62F23}.Debug|x64.ActiveCfg = Debug|x64
		{1C497821-BD63-4F02-9094-32B185B62F23}.Debug|x64.Build.0 = Debug|x64
		{1C497821-BD63-4F02-9094-32B185B62F23}.Release|ARM.ActiveCfg = Release|ARM
		{1C497821-BD63-4F02-9094-32B185B62F23}.Release|ARM64.ActiveCfg = Release|ARM64
		{1C497821-BD63-4F02-9094-32B185B62F23}.Release|Win32.ActiveCfg = Release|Win32
		{1C497821-BD63-4F02-9094-32B185B62F23}.Release|Win32.Build.0 = Release|Win32
		{1C497821-BD63-4F02-9094-32B185B62F23}.Release|x64.ActiveCfg = Release|x64
		{1C497821-BD63-4F02-9094-32B185B62F23}.Release|x64.Build.0 = Release|x64
		{F53F3E9C-CC4D-4D1D-9C2E-719FE60A7E6B}.Debug|ARM.ActiveCfg = Debug|Win32
		{F53F3E9C-CC4D-4D1D-9C2E-719FE60A7E6B}.Debug|ARM64.ActiveCfg = Debug|Win32
		{F53F3E9C-CC4D-4D1D-9C2E-719FE60A7E6B}.Debug|Win32.ActiveCfg = Debug|Win32
		{F53F3E9C-CC4D-4D1D-9C2E-719FE60A7E6B}.Debug|Win32.Build.0 = Debug|Win32
		{F53F3E9C-CC4D-4D1D-9C2E-719FE60A7E6B}.Debug|x64.ActiveCfg = Debug|x64
		{F53F3E9C-CC4D-4D1D-9C2E-719FE60A7E6B}.Debug|x64.Build.0 = Debug|x64
		{F53F3E9C-CC4D-4D1D-9C2E-719FE60A7E6B}.Release|ARM.ActiveCfg = Release|Win32
		{F53F3E9C-CC4D-4D1D-9C2E-719FE60A7E6B}.Release|ARM64.ActiveCfg = Release|Win32
		{F53F3E9C-CC4D-4D1D-9C2E-719FE60A7E6B}.Release|Win32.ActiveCfg = Release|Win32
		{F53F3E9C-CC4D-4D1D-9C2E-719FE60A7E6B}.Release|Win32.Build.0 = Release|Win32
		{F53F3E9C-CC4D-4D1D-9C2E-719FE60A7E6B}.Release|x64.ActiveCfg = Release|x64
		{F53F3E9C-CC4D-4D1D-9C2E-719FE60A7E6B}.Release|x64.Build.0 = Release|x64
		{39F6E3F5-8F0B-4023-BC40-A66AE6C37095}.Debug|ARM.ActiveCfg = Debug|Win32
		{39F6E3F5-8F0B-4023-BC40-A66AE6C37095}.Debug|ARM64.ActiveCfg = Debug|Win32
		{39F6E3F5-8F0B-4023-BC40-A66AE6C37095}.Debug|Win32.ActiveCfg = Debug|Win32
		{39F6E3F5-8F0B-4023-BC40-A66AE6C37095}.Debug|Win32.Build.0 = Debug|Win32
		{39F6E3F5-8F0B-4023-BC40-A66AE6C37095}.Debug|x64.ActiveCfg = Debug|Win32
		{39F6E3F5-8F0B-4023-BC40-A66AE6C37095}.Release|ARM.ActiveCfg = Release|Win32
		{39F6E3F5-8F0B-4023-BC40-A66AE6C37095}.Release|ARM64.ActiveCfg = Release|Win32
		{39F6E3F5-8F0B-4023-BC40-A66AE6C37095}.Release|Win32.ActiveCfg = Release|Win32
		{39F6E3F5-8F0B-4023-BC40-A66AE6C37095}.Release|Win32.Build.0 = Release|Win32
		{39F6E3F5-8F0B-4023-BC40-A66AE6C37095}.Release|x64.ActiveCfg = Release|Win32
	EndGlobalSection
	GlobalSection(SolutionProperties) = preSolution
		HideSolutionNode = FALSE
	EndGlobalSection
	GlobalSection(ExtensibilityGlobals) = postSolution
		SolutionGuid = {CB0C4586-4742-4939-A1E0-AF671B2F7480}
	EndGlobalSection
EndGlobal
