
Microsoft Visual Studio Solution File, Format Version 10.00
# Visual Studio 2008
Project("{8BC9CEB8-8B4A-11D0-8D11-00A0C91BC942}") = "WeaselTSF", "WeaselTSF\WeaselTSF.vcproj", "{FF9B3625-BBD6-4972-8F23-7BA57F3127E8}"
	ProjectSection(ProjectDependencies) = postProject
		{10B3B8BF-7294-4661-9A8A-2FFC920FA2F4} = {10B3B8BF-7294-4661-9A8A-2FFC920FA2F4}
		{CE11A2DF-8D20-4B07-A935-4B0D03F0303D} = {CE11A2DF-8D20-4B07-A935-4B0D03F0303D}
	EndProjectSection
EndProject
Project("{8BC9CEB8-8B4A-11D0-8D11-00A0C91BC942}") = "WeaselUI", "WeaselUI\WeaselUI.vcproj", "{10B3B8BF-7294-4661-9A8A-2FFC920FA2F4}"
EndProject
Project("{8BC9CEB8-8B4A-11D0-8D11-00A0C91BC942}") = "WeaselIPC", "WeaselIPC\WeaselIPC.vcproj", "{CE11A2DF-8D20-4B07-A935-4B0D03F0303D}"
EndProject
Project("{2150E333-8FDC-42A3-9474-1A3956D46DE8}") = "Solution Items", "Solution Items", "{53F79A24-5390-4640-84B5-19984EB3353B}"
	ProjectSection(SolutionItems) = preProject
		include\PyWeasel.h = include\PyWeasel.h
		include\ResponseParser.h = include\ResponseParser.h
		include\RimeWithWeasel.h = include\RimeWithWeasel.h
		include\WeaselCommon.h = include\WeaselCommon.h
		include\WeaselIPC.h = include\WeaselIPC.h
		include\WeaselUI.h = include\WeaselUI.h
	EndProjectSection
EndProject
Project("{8BC9CEB8-8B4A-11D0-8D11-00A0C91BC942}") = "TestWeaselUI", "test\TestWeaselUI\TestWeaselUI.vcproj", "{AEDC8606-6C10-4549-817D-5B6533F33E1E}"
	ProjectSection(ProjectDependencies) = postProject
		{10B3B8BF-7294-4661-9A8A-2FFC920FA2F4} = {10B3B8BF-7294-4661-9A8A-2FFC920FA2F4}
	EndProjectSection
EndProject
Project("{8BC9CEB8-8B4A-11D0-8D11-00A0C91BC942}") = "WeaselIME", "WeaselIME\WeaselIME.vcproj", "{A958FE3D-9F6E-44CB-981E-F2AE181657B3}"
	ProjectSection(ProjectDependencies) = postProject
		{CE11A2DF-8D20-4B07-A935-4B0D03F0303D} = {CE11A2DF-8D20-4B07-A935-4B0D03F0303D}
	EndProjectSection
EndProject
Project("{8BC9CEB8-8B4A-11D0-8D11-00A0C91BC942}") = "WeaselServer", "WeaselServer\WeaselServer.vcproj", "{A68C2A5C-D74D-4CB2-9E22-A4D2FC256A2D}"
	ProjectSection(ProjectDependencies) = postProject
		{1C497821-BD63-4F02-9094-32B185B62F23} = {1C497821-BD63-4F02-9094-32B185B62F23}
		{26930622-CFA2-43DF-A9F3-4AA4A313B2A4} = {26930622-CFA2-43DF-A9F3-4AA4A313B2A4}
		{CE11A2DF-8D20-4B07-A935-4B0D03F0303D} = {CE11A2DF-8D20-4B07-A935-4B0D03F0303D}
	EndProjectSection
EndProject
Project("{8BC9CEB8-8B4A-11D0-8D11-00A0C91BC942}") = "TestWeaselIPC", "test\TestWeaselIPC\TestWeaselIPC.vcproj", "{9C1CC4BA-18FF-4890-908E-E545881C5586}"
	ProjectSection(ProjectDependencies) = postProject
		{26930622-CFA2-43DF-A9F3-4AA4A313B2A4} = {26930622-CFA2-43DF-A9F3-4AA4A313B2A4}
		{CE11A2DF-8D20-4B07-A935-4B0D03F0303D} = {CE11A2DF-8D20-4B07-A935-4B0D03F0303D}
	EndProjectSection
EndProject
Project("{8BC9CEB8-8B4A-11D0-8D11-00A0C91BC942}") = "TestPyWeasel", "test\TestPyWeasel\TestPyWeasel.vcproj", "{F75130DA-B785-42A7-B90B-571EAD9EDBE0}"
	ProjectSection(ProjectDependencies) = postProject
		{8C75C43E-E9AD-4D2D-81F2-5608F36CE77B} = {8C75C43E-E9AD-4D2D-81F2-5608F36CE77B}
	EndProjectSection
EndProject
Project("{8BC9CEB8-8B4A-11D0-8D11-00A0C91BC942}") = "WeaselIPCServer", "WeaselIPCServer\WeaselIPCServer.vcproj", "{26930622-CFA2-43DF-A9F3-4AA4A313B2A4}"
EndProject
Project("{8BC9CEB8-8B4A-11D0-8D11-00A0C91BC942}") = "PyWeasel", "PyWeasel\PyWeasel.vcproj", "{8C75C43E-E9AD-4D2D-81F2-5608F36CE77B}"
EndProject
Project("{8BC9CEB8-8B4A-11D0-8D11-00A0C91BC942}") = "TestResponseParser", "test\TestResponseParser\TestResponseParser.vcproj", "{CC642427-64D7-44D9-8543-8CBBF981FAE7}"
	ProjectSection(ProjectDependencies) = postProject
		{CE11A2DF-8D20-4B07-A935-4B0D03F0303D} = {CE11A2DF-8D20-4B07-A935-4B0D03F0303D}
	EndProjectSection
EndProject
Project("{8BC9CEB8-8B4A-11D0-8D11-00A0C91BC942}") = "RimeWithWeasel", "RimeWithWeasel\RimeWithWeasel.vcproj", "{1C497821-BD63-4F02-9094-32B185B62F23}"
	ProjectSection(ProjectDependencies) = postProject
		{10B3B8BF-7294-4661-9A8A-2FFC920FA2F4} = {10B3B8BF-7294-4661-9A8A-2FFC920FA2F4}
	EndProjectSection
EndProject
Global
	GlobalSection(SolutionConfigurationPlatforms) = preSolution
		Debug|Win32 = Debug|Win32
		Debug|x64 = Debug|x64
		Release|Win32 = Release|Win32
		Release|x64 = Release|x64
		ReleaseHant|Win32 = ReleaseHant|Win32
		ReleaseHant|x64 = ReleaseHant|x64
	EndGlobalSection
	GlobalSection(ProjectConfigurationPlatforms) = postSolution
		{FF9B3625-BBD6-4972-8F23-7BA57F3127E8}.Debug|Win32.ActiveCfg = Debug|Win32
		{FF9B3625-BBD6-4972-8F23-7BA57F3127E8}.Debug|x64.ActiveCfg = Debug|x64
		{FF9B3625-BBD6-4972-8F23-7BA57F3127E8}.Release|Win32.ActiveCfg = Release|Win32
		{FF9B3625-BBD6-4972-8F23-7BA57F3127E8}.Release|x64.ActiveCfg = Release|x64
		{FF9B3625-BBD6-4972-8F23-7BA57F3127E8}.ReleaseHant|Win32.ActiveCfg = ReleaseHant|Win32
		{FF9B3625-BBD6-4972-8F23-7BA57F3127E8}.ReleaseHant|x64.ActiveCfg = ReleaseHant|x64
		{10B3B8BF-7294-4661-9A8A-2FFC920FA2F4}.Debug|Win32.ActiveCfg = Debug|Win32
		{10B3B8BF-7294-4661-9A8A-2FFC920FA2F4}.Debug|Win32.Build.0 = Debug|Win32
		{10B3B8BF-7294-4661-9A8A-2FFC920FA2F4}.Debug|x64.ActiveCfg = Debug|x64
		{10B3B8BF-7294-4661-9A8A-2FFC920FA2F4}.Debug|x64.Build.0 = Debug|x64
		{10B3B8BF-7294-4661-9A8A-2FFC920FA2F4}.Release|Win32.ActiveCfg = Release|Win32
		{10B3B8BF-7294-4661-9A8A-2FFC920FA2F4}.Release|Win32.Build.0 = Release|Win32
		{10B3B8BF-7294-4661-9A8A-2FFC920FA2F4}.Release|x64.ActiveCfg = Release|x64
		{10B3B8BF-7294-4661-9A8A-2FFC920FA2F4}.ReleaseHant|Win32.ActiveCfg = ReleaseHant|Win32
		{10B3B8BF-7294-4661-9A8A-2FFC920FA2F4}.ReleaseHant|x64.ActiveCfg = ReleaseHant|x64
		{CE11A2DF-8D20-4B07-A935-4B0D03F0303D}.Debug|Win32.ActiveCfg = Debug|Win32
		{CE11A2DF-8D20-4B07-A935-4B0D03F0303D}.Debug|Win32.Build.0 = Debug|Win32
		{CE11A2DF-8D20-4B07-A935-4B0D03F0303D}.Debug|x64.ActiveCfg = Debug|x64
		{CE11A2DF-8D20-4B07-A935-4B0D03F0303D}.Debug|x64.Build.0 = Debug|x64
		{CE11A2DF-8D20-4B07-A935-4B0D03F0303D}.Release|Win32.ActiveCfg = Release|Win32
		{CE11A2DF-8D20-4B07-A935-4B0D03F0303D}.Release|Win32.Build.0 = Release|Win32
		{CE11A2DF-8D20-4B07-A935-4B0D03F0303D}.Release|x64.ActiveCfg = Release|x64
		{CE11A2DF-8D20-4B07-A935-4B0D03F0303D}.Release|x64.Build.0 = Release|x64
		{CE11A2DF-8D20-4B07-A935-4B0D03F0303D}.ReleaseHant|Win32.ActiveCfg = ReleaseHant|Win32
		{CE11A2DF-8D20-4B07-A935-4B0D03F0303D}.ReleaseHant|Win32.Build.0 = ReleaseHant|Win32
		{CE11A2DF-8D20-4B07-A935-4B0D03F0303D}.ReleaseHant|x64.ActiveCfg = ReleaseHant|x64
		{CE11A2DF-8D20-4B07-A935-4B0D03F0303D}.ReleaseHant|x64.Build.0 = ReleaseHant|x64
		{AEDC8606-6C10-4549-817D-5B6533F33E1E}.Debug|Win32.ActiveCfg = Debug|Win32
		{AEDC8606-6C10-4549-817D-5B6533F33E1E}.Debug|Win32.Build.0 = Debug|Win32
		{AEDC8606-6C10-4549-817D-5B6533F33E1E}.Debug|x64.ActiveCfg = Debug|x64
		{AEDC8606-6C10-4549-817D-5B6533F33E1E}.Debug|x64.Build.0 = Debug|x64
		{AEDC8606-6C10-4549-817D-5B6533F33E1E}.Release|Win32.ActiveCfg = Release|Win32
		{AEDC8606-6C10-4549-817D-5B6533F33E1E}.Release|Win32.Build.0 = Release|Win32
		{AEDC8606-6C10-4549-817D-5B6533F33E1E}.Release|x64.ActiveCfg = Release|x64
		{AEDC8606-6C10-4549-817D-5B6533F33E1E}.ReleaseHant|Win32.ActiveCfg = ReleaseHant|Win32
		{AEDC8606-6C10-4549-817D-5B6533F33E1E}.ReleaseHant|x64.ActiveCfg = ReleaseHant|x64
		{A958FE3D-9F6E-44CB-981E-F2AE181657B3}.Debug|Win32.ActiveCfg = Debug|Win32
		{A958FE3D-9F6E-44CB-981E-F2AE181657B3}.Debug|Win32.Build.0 = Debug|Win32
		{A958FE3D-9F6E-44CB-981E-F2AE181657B3}.Debug|x64.ActiveCfg = Debug|x64
		{A958FE3D-9F6E-44CB-981E-F2AE181657B3}.Debug|x64.Build.0 = Debug|x64
		{A958FE3D-9F6E-44CB-981E-F2AE181657B3}.Release|Win32.ActiveCfg = Release|Win32
		{A958FE3D-9F6E-44CB-981E-F2AE181657B3}.Release|Win32.Build.0 = Release|Win32
		{A958FE3D-9F6E-44CB-981E-F2AE181657B3}.Release|x64.ActiveCfg = Release|x64
		{A958FE3D-9F6E-44CB-981E-F2AE181657B3}.Release|x64.Build.0 = Release|x64
		{A958FE3D-9F6E-44CB-981E-F2AE181657B3}.ReleaseHant|Win32.ActiveCfg = ReleaseHant|Win32
		{A958FE3D-9F6E-44CB-981E-F2AE181657B3}.ReleaseHant|Win32.Build.0 = ReleaseHant|Win32
		{A958FE3D-9F6E-44CB-981E-F2AE181657B3}.ReleaseHant|x64.ActiveCfg = ReleaseHant|x64
		{A958FE3D-9F6E-44CB-981E-F2AE181657B3}.ReleaseHant|x64.Build.0 = ReleaseHant|x64
		{A68C2A5C-D74D-4CB2-9E22-A4D2FC256A2D}.Debug|Win32.ActiveCfg = Debug|Win32
		{A68C2A5C-D74D-4CB2-9E22-A4D2FC256A2D}.Debug|Win32.Build.0 = Debug|Win32
		{A68C2A5C-D74D-4CB2-9E22-A4D2FC256A2D}.Debug|x64.ActiveCfg = Debug|x64
		{A68C2A5C-D74D-4CB2-9E22-A4D2FC256A2D}.Debug|x64.Build.0 = Debug|x64
		{A68C2A5C-D74D-4CB2-9E22-A4D2FC256A2D}.Release|Win32.ActiveCfg = Release|Win32
		{A68C2A5C-D74D-4CB2-9E22-A4D2FC256A2D}.Release|Win32.Build.0 = Release|Win32
		{A68C2A5C-D74D-4CB2-9E22-A4D2FC256A2D}.Release|x64.ActiveCfg = Release|x64
		{A68C2A5C-D74D-4CB2-9E22-A4D2FC256A2D}.ReleaseHant|Win32.ActiveCfg = ReleaseHant|Win32
		{A68C2A5C-D74D-4CB2-9E22-A4D2FC256A2D}.ReleaseHant|x64.ActiveCfg = ReleaseHant|x64
		{9C1CC4BA-18FF-4890-908E-E545881C5586}.Debug|Win32.ActiveCfg = Debug|Win32
		{9C1CC4BA-18FF-4890-908E-E545881C5586}.Debug|Win32.Build.0 = Debug|Win32
		{9C1CC4BA-18FF-4890-908E-E545881C5586}.Debug|x64.ActiveCfg = Debug|x64
		{9C1CC4BA-18FF-4890-908E-E545881C5586}.Debug|x64.Build.0 = Debug|x64
		{9C1CC4BA-18FF-4890-908E-E545881C5586}.Release|Win32.ActiveCfg = Release|Win32
		{9C1CC4BA-18FF-4890-908E-E545881C5586}.Release|Win32.Build.0 = Release|Win32
		{9C1CC4BA-18FF-4890-908E-E545881C5586}.Release|x64.ActiveCfg = Release|x64
		{9C1CC4BA-18FF-4890-908E-E545881C5586}.ReleaseHant|Win32.ActiveCfg = ReleaseHant|Win32
		{9C1CC4BA-18FF-4890-908E-E545881C5586}.ReleaseHant|x64.ActiveCfg = ReleaseHant|x64
		{F75130DA-B785-42A7-B90B-571EAD9EDBE0}.Debug|Win32.ActiveCfg = Debug|Win32
		{F75130DA-B785-42A7-B90B-571EAD9EDBE0}.Debug|x64.ActiveCfg = Debug|x64
		{F75130DA-B785-42A7-B90B-571EAD9EDBE0}.Release|Win32.ActiveCfg = Release|Win32
		{F75130DA-B785-42A7-B90B-571EAD9EDBE0}.Release|x64.ActiveCfg = Release|x64
		{F75130DA-B785-42A7-B90B-571EAD9EDBE0}.ReleaseHant|Win32.ActiveCfg = ReleaseHant|Win32
		{F75130DA-B785-42A7-B90B-571EAD9EDBE0}.ReleaseHant|x64.ActiveCfg = ReleaseHant|x64
		{26930622-CFA2-43DF-A9F3-4AA4A313B2A4}.Debug|Win32.ActiveCfg = Debug|Win32
		{26930622-CFA2-43DF-A9F3-4AA4A313B2A4}.Debug|Win32.Build.0 = Debug|Win32
		{26930622-CFA2-43DF-A9F3-4AA4A313B2A4}.Debug|x64.ActiveCfg = Debug|x64
		{26930622-CFA2-43DF-A9F3-4AA4A313B2A4}.Debug|x64.Build.0 = Debug|x64
		{26930622-CFA2-43DF-A9F3-4AA4A313B2A4}.Release|Win32.ActiveCfg = Release|Win32
		{26930622-CFA2-43DF-A9F3-4AA4A313B2A4}.Release|Win32.Build.0 = Release|Win32
		{26930622-CFA2-43DF-A9F3-4AA4A313B2A4}.Release|x64.ActiveCfg = Release|x64
		{26930622-CFA2-43DF-A9F3-4AA4A313B2A4}.ReleaseHant|Win32.ActiveCfg = ReleaseHant|Win32
		{26930622-CFA2-43DF-A9F3-4AA4A313B2A4}.ReleaseHant|x64.ActiveCfg = ReleaseHant|x64
		{8C75C43E-E9AD-4D2D-81F2-5608F36CE77B}.Debug|Win32.ActiveCfg = Debug|Win32
		{8C75C43E-E9AD-4D2D-81F2-5608F36CE77B}.Debug|x64.ActiveCfg = Debug|x64
		{8C75C43E-E9AD-4D2D-81F2-5608F36CE77B}.Release|Win32.ActiveCfg = Release|Win32
		{8C75C43E-E9AD-4D2D-81F2-5608F36CE77B}.Release|x64.ActiveCfg = Release|x64
		{8C75C43E-E9AD-4D2D-81F2-5608F36CE77B}.ReleaseHant|Win32.ActiveCfg = ReleaseHant|Win32
		{8C75C43E-E9AD-4D2D-81F2-5608F36CE77B}.ReleaseHant|x64.ActiveCfg = ReleaseHant|x64
		{CC642427-64D7-44D9-8543-8CBBF981FAE7}.Debug|Win32.ActiveCfg = Debug|Win32
		{CC642427-64D7-44D9-8543-8CBBF981FAE7}.Debug|Win32.Build.0 = Debug|Win32
		{CC642427-64D7-44D9-8543-8CBBF981FAE7}.Debug|x64.ActiveCfg = Debug|x64
		{CC642427-64D7-44D9-8543-8CBBF981FAE7}.Debug|x64.Build.0 = Debug|x64
		{CC642427-64D7-44D9-8543-8CBBF981FAE7}.Release|Win32.ActiveCfg = Release|Win32
		{CC642427-64D7-44D9-8543-8CBBF981FAE7}.Release|Win32.Build.0 = Release|Win32
		{CC642427-64D7-44D9-8543-8CBBF981FAE7}.Release|x64.ActiveCfg = Release|x64
		{CC642427-64D7-44D9-8543-8CBBF981FAE7}.ReleaseHant|Win32.ActiveCfg = ReleaseHant|Win32
		{CC642427-64D7-44D9-8543-8CBBF981FAE7}.ReleaseHant|x64.ActiveCfg = ReleaseHant|x64
		{1C497821-BD63-4F02-9094-32B185B62F23}.Debug|Win32.ActiveCfg = Debug|Win32
		{1C497821-BD63-4F02-9094-32B185B62F23}.Debug|Win32.Build.0 = Debug|Win32
		{1C497821-BD63-4F02-9094-32B185B62F23}.Debug|x64.ActiveCfg = Debug|x64
		{1C497821-BD63-4F02-9094-32B185B62F23}.Debug|x64.Build.0 = Debug|x64
		{1C497821-BD63-4F02-9094-32B185B62F23}.Release|Win32.ActiveCfg = Release|Win32
		{1C497821-BD63-4F02-9094-32B185B62F23}.Release|Win32.Build.0 = Release|Win32
		{1C497821-BD63-4F02-9094-32B185B62F23}.Release|x64.ActiveCfg = Release|x64
		{1C497821-BD63-4F02-9094-32B185B62F23}.ReleaseHant|Win32.ActiveCfg = ReleaseHant|Win32
		{1C497821-BD63-4F02-9094-32B185B62F23}.ReleaseHant|x64.ActiveCfg = ReleaseHant|x64
	EndGlobalSection
	GlobalSection(SolutionProperties) = preSolution
		HideSolutionNode = FALSE
	EndGlobalSection
EndGlobal
