<?xml version="1.0" encoding="utf-8"?>
<Project ToolsVersion="4.0" xmlns="http://schemas.microsoft.com/developer/msbuild/2003">
  <ItemGroup>
    <Filter Include="Source Files">
      <UniqueIdentifier>{4FC737F1-C7A5-4376-A066-2A32D752A2FF}</UniqueIdentifier>
      <Extensions>cpp;c;cc;cxx;def;odl;idl;hpj;bat;asm;asmx</Extensions>
    </Filter>
    <Filter Include="Source Files\Deserializer">
      <UniqueIdentifier>{46c80f2d-1b64-4626-ad53-2b064c68b15c}</UniqueIdentifier>
    </Filter>
    <Filter Include="Header Files">
      <UniqueIdentifier>{93995380-89BD-4b04-88EB-625FBE52EBFB}</UniqueIdentifier>
      <Extensions>h;hpp;hxx;hm;inl;inc;xsd</Extensions>
    </Filter>
    <Filter Include="Header Files\Deserializer">
      <UniqueIdentifier>{35a3d670-d67f-42bb-a481-b17b349b5468}</UniqueIdentifier>
    </Filter>
    <Filter Include="Resource Files">
      <UniqueIdentifier>{67DA6AB6-F800-4c08-8B7A-83BB121AAD01}</UniqueIdentifier>
      <Extensions>rc;ico;cur;bmp;dlg;rc2;rct;bin;rgs;gif;jpg;jpeg;jpe;resx;tiff;tif;png;wav</Extensions>
    </Filter>
  </ItemGroup>
  <ItemGroup>
    <ClCompile Include="Deserializer.cpp">
      <Filter>Source Files</Filter>
    </ClCompile>
    <ClCompile Include="ResponseParser.cpp">
      <Filter>Source Files</Filter>
    </ClCompile>
    <ClCompile Include="stdafx.cpp">
      <Filter>Source Files</Filter>
    </ClCompile>
    <ClCompile Include="WeaselClientImpl.cpp">
      <Filter>Source Files</Filter>
    </ClCompile>
    <ClCompile Include="ActionLoader.cpp">
      <Filter>Source Files\Deserializer</Filter>
    </ClCompile>
    <ClCompile Include="Committer.cpp">
      <Filter>Source Files\Deserializer</Filter>
    </ClCompile>
    <ClCompile Include="ContextUpdater.cpp">
      <Filter>Source Files\Deserializer</Filter>
    </ClCompile>
  </ItemGroup>
  <ItemGroup>
    <ClInclude Include="Deserializer.h">
      <Filter>Header Files</Filter>
    </ClInclude>
    <ClInclude Include="..\include\ResponseParser.h">
      <Filter>Header Files</Filter>
    </ClInclude>
    <ClInclude Include="stdafx.h">
      <Filter>Header Files</Filter>
    </ClInclude>
    <ClInclude Include="targetver.h">
      <Filter>Header Files</Filter>
    </ClInclude>
    <ClInclude Include="WeaselClientImpl.h">
      <Filter>Header Files</Filter>
    </ClInclude>
    <ClInclude Include="..\include\WeaselIPC.h">
      <Filter>Header Files</Filter>
    </ClInclude>
    <ClInclude Include="ActionLoader.h">
      <Filter>Header Files\Deserializer</Filter>
    </ClInclude>
    <ClInclude Include="Committer.h">
      <Filter>Header Files\Deserializer</Filter>
    </ClInclude>
    <ClInclude Include="ContextUpdater.h">
      <Filter>Header Files\Deserializer</Filter>
    </ClInclude>
  </ItemGroup>
  <ItemGroup>
    <None Include="ReadMe.txt" />
  </ItemGroup>
</Project>