<?xml version="1.0" encoding="utf-8"?>
<Project ToolsVersion="4.0" xmlns="http://schemas.microsoft.com/developer/msbuild/2003">
  <ItemGroup>
    <Filter Include="Source Files">
      <UniqueIdentifier>{4FC737F1-C7A5-4376-A066-2A32D752A2FF}</UniqueIdentifier>
      <Extensions>cpp;c;cc;cxx;def;odl;idl;hpj;bat;asm;asmx</Extensions>
    </Filter>
    <Filter Include="Header Files">
      <UniqueIdentifier>{93995380-89BD-4b04-88EB-625FBE52EBFB}</UniqueIdentifier>
      <Extensions>h;hpp;hxx;hm;inl;inc;xsd</Extensions>
    </Filter>
    <Filter Include="Resource Files">
      <UniqueIdentifier>{67DA6AB6-F800-4c08-8B7A-83BB121AAD01}</UniqueIdentifier>
      <Extensions>rc;ico;cur;bmp;dlg;rc2;rct;bin;rgs;gif;jpg;jpeg;jpe;resx;tiff;tif;png;wav</Extensions>
    </Filter>
    <Filter Include="Header Files\Layouts">
      <UniqueIdentifier>{a89108b8-fb92-41d6-b4da-6a06af66812c}</UniqueIdentifier>
    </Filter>
    <Filter Include="Source Files\Layouts">
      <UniqueIdentifier>{b6c3d107-af01-4875-aaf9-f28ba062e2ba}</UniqueIdentifier>
    </Filter>
  </ItemGroup>
  <ItemGroup>
    <ClCompile Include="stdafx.cpp">
      <Filter>Source Files</Filter>
    </ClCompile>
    <ClCompile Include="WeaselPanel.cpp">
      <Filter>Source Files</Filter>
    </ClCompile>
    <ClCompile Include="WeaselUI.cpp">
      <Filter>Source Files</Filter>
    </ClCompile>
    <ClCompile Include="Layout.cpp">
      <Filter>Source Files</Filter>
    </ClCompile>
    <ClCompile Include="StandardLayout.cpp">
      <Filter>Source Files\Layouts</Filter>
    </ClCompile>
    <ClCompile Include="VerticalLayout.cpp">
      <Filter>Source Files\Layouts</Filter>
    </ClCompile>
    <ClCompile Include="HorizontalLayout.cpp">
      <Filter>Source Files\Layouts</Filter>
    </ClCompile>
    <ClCompile Include="FullScreenLayout.cpp">
      <Filter>Source Files\Layouts</Filter>
    </ClCompile>
    <ClCompile Include="GdiplusBlur.cpp">
      <Filter>Source Files</Filter>
    </ClCompile>
    <ClCompile Include="DirectWriteResources.cpp">
      <Filter>Source Files</Filter>
    </ClCompile>
    <ClCompile Include="VHorizontalLayout.cpp">
      <Filter>Source Files\Layouts</Filter>
    </ClCompile>
  </ItemGroup>
  <ItemGroup>
    <ClInclude Include="stdafx.h">
      <Filter>Header Files</Filter>
    </ClInclude>
    <ClInclude Include="targetver.h">
      <Filter>Header Files</Filter>
    </ClInclude>
    <ClInclude Include="WeaselPanel.h">
      <Filter>Header Files</Filter>
    </ClInclude>
    <ClInclude Include="..\include\WeaselUI.h">
      <Filter>Header Files</Filter>
    </ClInclude>
    <ClInclude Include="Layout.h">
      <Filter>Header Files</Filter>
    </ClInclude>
    <ClInclude Include="StandardLayout.h">
      <Filter>Header Files\Layouts</Filter>
    </ClInclude>
    <ClInclude Include="VerticalLayout.h">
      <Filter>Header Files\Layouts</Filter>
    </ClInclude>
    <ClInclude Include="HorizontalLayout.h">
      <Filter>Header Files\Layouts</Filter>
    </ClInclude>
    <ClInclude Include="FullScreenLayout.h">
      <Filter>Header Files\Layouts</Filter>
    </ClInclude>
    <ClInclude Include="GdiplusBlur.h">
      <Filter>Header Files</Filter>
    </ClInclude>
    <ClInclude Include="VHorizontalLayout.h">
      <Filter>Header Files\Layouts</Filter>
    </ClInclude>
  </ItemGroup>
  <ItemGroup>
    <None Include="ReadMe.txt" />
  </ItemGroup>
</Project>
